// !$*UTF8*$!
{
	archiveVersion = 1;
	classes = {
	};
	objectVersion = 56;
	objects = {

/* Begin PBXBuildFile section */
		557C9F7229616DB400725EEB /* OrganiserTagView.swift in Sources */ = {isa = PBXBuildFile; fileRef = 557C9F7129616DB400725EEB /* OrganiserTagView.swift */; };
		55F299DA295EC2870044360D /* IFC_ShowcaseApp.swift in Sources */ = {isa = PBXBuildFile; fileRef = 55F299D9295EC2870044360D /* IFC_ShowcaseApp.swift */; };
		55F299DC295EC2870044360D /* ContentView.swift in Sources */ = {isa = PBXBuildFile; fileRef = 55F299DB295EC2870044360D /* ContentView.swift */; };
		55F299DE295EC28A0044360D /* Assets.xcassets in Resources */ = {isa = PBXBuildFile; fileRef = 55F299DD295EC28A0044360D /* Assets.xcassets */; };
		55F299E1295EC28A0044360D /* Preview Assets.xcassets in Resources */ = {isa = PBXBuildFile; fileRef = 55F299E0295EC28A0044360D /* Preview Assets.xcassets */; };
		55F299EB295EC28A0044360D /* IFC_ShowcaseTests.swift in Sources */ = {isa = PBXBuildFile; fileRef = 55F299EA295EC28A0044360D /* IFC_ShowcaseTests.swift */; };
		55F299F5295EC28A0044360D /* IFC_ShowcaseUITests.swift in Sources */ = {isa = PBXBuildFile; fileRef = 55F299F4295EC28A0044360D /* IFC_ShowcaseUITests.swift */; };
		55F299F7295EC28A0044360D /* IFC_ShowcaseUITestsLaunchTests.swift in Sources */ = {isa = PBXBuildFile; fileRef = 55F299F6295EC28A0044360D /* IFC_ShowcaseUITestsLaunchTests.swift */; };
		55F29A04295ECE850044360D /* HomeView.swift in Sources */ = {isa = PBXBuildFile; fileRef = 55F29A03295ECE850044360D /* HomeView.swift */; };
		55F29A06295EDF440044360D /* AchievementsView.swift in Sources */ = {isa = PBXBuildFile; fileRef = 55F29A05295EDF440044360D /* AchievementsView.swift */; };
		55F29A08295FFB4D0044360D /* Structs.swift in Sources */ = {isa = PBXBuildFile; fileRef = 55F29A07295FFB4D0044360D /* Structs.swift */; };
/* End PBXBuildFile section */

/* Begin PBXContainerItemProxy section */
		55F299E7295EC28A0044360D /* PBXContainerItemProxy */ = {
			isa = PBXContainerItemProxy;
			containerPortal = 55F299CE295EC2870044360D /* Project object */;
			proxyType = 1;
			remoteGlobalIDString = 55F299D5295EC2870044360D;
			remoteInfo = "IFC Showcase";
		};
		55F299F1295EC28A0044360D /* PBXContainerItemProxy */ = {
			isa = PBXContainerItemProxy;
			containerPortal = 55F299CE295EC2870044360D /* Project object */;
			proxyType = 1;
			remoteGlobalIDString = 55F299D5295EC2870044360D;
			remoteInfo = "IFC Showcase";
		};
/* End PBXContainerItemProxy section */

/* Begin PBXFileReference section */
		557C9F7129616DB400725EEB /* OrganiserTagView.swift */ = {isa = PBXFileReference; lastKnownFileType = sourcecode.swift; path = OrganiserTagView.swift; sourceTree = "<group>"; };
		55F299D6295EC2870044360D /* IFC Showcase.app */ = {isa = PBXFileReference; explicitFileType = wrapper.application; includeInIndex = 0; path = "IFC Showcase.app"; sourceTree = BUILT_PRODUCTS_DIR; };
		55F299D9295EC2870044360D /* IFC_ShowcaseApp.swift */ = {isa = PBXFileReference; lastKnownFileType = sourcecode.swift; path = IFC_ShowcaseApp.swift; sourceTree = "<group>"; };
		55F299DB295EC2870044360D /* ContentView.swift */ = {isa = PBXFileReference; lastKnownFileType = sourcecode.swift; path = ContentView.swift; sourceTree = "<group>"; };
		55F299DD295EC28A0044360D /* Assets.xcassets */ = {isa = PBXFileReference; lastKnownFileType = folder.assetcatalog; path = Assets.xcassets; sourceTree = "<group>"; };
		55F299E0295EC28A0044360D /* Preview Assets.xcassets */ = {isa = PBXFileReference; lastKnownFileType = folder.assetcatalog; path = "Preview Assets.xcassets"; sourceTree = "<group>"; };
		55F299E6295EC28A0044360D /* IFC ShowcaseTests.xctest */ = {isa = PBXFileReference; explicitFileType = wrapper.cfbundle; includeInIndex = 0; path = "IFC ShowcaseTests.xctest"; sourceTree = BUILT_PRODUCTS_DIR; };
		55F299EA295EC28A0044360D /* IFC_ShowcaseTests.swift */ = {isa = PBXFileReference; lastKnownFileType = sourcecode.swift; path = IFC_ShowcaseTests.swift; sourceTree = "<group>"; };
		55F299F0295EC28A0044360D /* IFC ShowcaseUITests.xctest */ = {isa = PBXFileReference; explicitFileType = wrapper.cfbundle; includeInIndex = 0; path = "IFC ShowcaseUITests.xctest"; sourceTree = BUILT_PRODUCTS_DIR; };
		55F299F4295EC28A0044360D /* IFC_ShowcaseUITests.swift */ = {isa = PBXFileReference; lastKnownFileType = sourcecode.swift; path = IFC_ShowcaseUITests.swift; sourceTree = "<group>"; };
		55F299F6295EC28A0044360D /* IFC_ShowcaseUITestsLaunchTests.swift */ = {isa = PBXFileReference; lastKnownFileType = sourcecode.swift; path = IFC_ShowcaseUITestsLaunchTests.swift; sourceTree = "<group>"; };
		55F29A03295ECE850044360D /* HomeView.swift */ = {isa = PBXFileReference; lastKnownFileType = sourcecode.swift; path = HomeView.swift; sourceTree = "<group>"; };
		55F29A05295EDF440044360D /* AchievementsView.swift */ = {isa = PBXFileReference; lastKnownFileType = sourcecode.swift; path = AchievementsView.swift; sourceTree = "<group>"; };
		55F29A07295FFB4D0044360D /* Structs.swift */ = {isa = PBXFileReference; lastKnownFileType = sourcecode.swift; path = Structs.swift; sourceTree = "<group>"; };
/* End PBXFileReference section */

/* Begin PBXFrameworksBuildPhase section */
		55F299D3295EC2870044360D /* Frameworks */ = {
			isa = PBXFrameworksBuildPhase;
			buildActionMask = 2147483647;
			files = (
			);
			runOnlyForDeploymentPostprocessing = 0;
		};
		55F299E3295EC28A0044360D /* Frameworks */ = {
			isa = PBXFrameworksBuildPhase;
			buildActionMask = 2147483647;
			files = (
			);
			runOnlyForDeploymentPostprocessing = 0;
		};
		55F299ED295EC28A0044360D /* Frameworks */ = {
			isa = PBXFrameworksBuildPhase;
			buildActionMask = 2147483647;
			files = (
			);
			runOnlyForDeploymentPostprocessing = 0;
		};
/* End PBXFrameworksBuildPhase section */

/* Begin PBXGroup section */
		55F299CD295EC2870044360D = {
			isa = PBXGroup;
			children = (
				55F299D8295EC2870044360D /* IFC Showcase */,
				55F299E9295EC28A0044360D /* IFC ShowcaseTests */,
				55F299F3295EC28A0044360D /* IFC ShowcaseUITests */,
				55F299D7295EC2870044360D /* Products */,
			);
			sourceTree = "<group>";
		};
		55F299D7295EC2870044360D /* Products */ = {
			isa = PBXGroup;
			children = (
				55F299D6295EC2870044360D /* IFC Showcase.app */,
				55F299E6295EC28A0044360D /* IFC ShowcaseTests.xctest */,
				55F299F0295EC28A0044360D /* IFC ShowcaseUITests.xctest */,
			);
			name = Products;
			sourceTree = "<group>";
		};
		55F299D8295EC2870044360D /* IFC Showcase */ = {
			isa = PBXGroup;
			children = (
				55F29A07295FFB4D0044360D /* Structs.swift */,
				557C9F7129616DB400725EEB /* OrganiserTagView.swift */,
				55F299D9295EC2870044360D /* IFC_ShowcaseApp.swift */,
				55F299DB295EC2870044360D /* ContentView.swift */,
				55F29A03295ECE850044360D /* HomeView.swift */,
				55F29A05295EDF440044360D /* AchievementsView.swift */,
				55F299DD295EC28A0044360D /* Assets.xcassets */,
				55F299DF295EC28A0044360D /* Preview Content */,
			);
			path = "IFC Showcase";
			sourceTree = "<group>";
		};
		55F299DF295EC28A0044360D /* Preview Content */ = {
			isa = PBXGroup;
			children = (
				55F299E0295EC28A0044360D /* Preview Assets.xcassets */,
			);
			path = "Preview Content";
			sourceTree = "<group>";
		};
		55F299E9295EC28A0044360D /* IFC ShowcaseTests */ = {
			isa = PBXGroup;
			children = (
				55F299EA295EC28A0044360D /* IFC_ShowcaseTests.swift */,
			);
			path = "IFC ShowcaseTests";
			sourceTree = "<group>";
		};
		55F299F3295EC28A0044360D /* IFC ShowcaseUITests */ = {
			isa = PBXGroup;
			children = (
				55F299F4295EC28A0044360D /* IFC_ShowcaseUITests.swift */,
				55F299F6295EC28A0044360D /* IFC_ShowcaseUITestsLaunchTests.swift */,
			);
			path = "IFC ShowcaseUITests";
			sourceTree = "<group>";
		};
/* End PBXGroup section */

/* Begin PBXNativeTarget section */
		55F299D5295EC2870044360D /* IFC Showcase */ = {
			isa = PBXNativeTarget;
			buildConfigurationList = 55F299FA295EC28A0044360D /* Build configuration list for PBXNativeTarget "IFC Showcase" */;
			buildPhases = (
				55F299D2295EC2870044360D /* Sources */,
				55F299D3295EC2870044360D /* Frameworks */,
				55F299D4295EC2870044360D /* Resources */,
			);
			buildRules = (
			);
			dependencies = (
			);
			name = "IFC Showcase";
			productName = "IFC Showcase";
			productReference = 55F299D6295EC2870044360D /* IFC Showcase.app */;
			productType = "com.apple.product-type.application";
		};
		55F299E5295EC28A0044360D /* IFC ShowcaseTests */ = {
			isa = PBXNativeTarget;
			buildConfigurationList = 55F299FD295EC28A0044360D /* Build configuration list for PBXNativeTarget "IFC ShowcaseTests" */;
			buildPhases = (
				55F299E2295EC28A0044360D /* Sources */,
				55F299E3295EC28A0044360D /* Frameworks */,
				55F299E4295EC28A0044360D /* Resources */,
			);
			buildRules = (
			);
			dependencies = (
				55F299E8295EC28A0044360D /* PBXTargetDependency */,
			);
			name = "IFC ShowcaseTests";
			productName = "IFC ShowcaseTests";
			productReference = 55F299E6295EC28A0044360D /* IFC ShowcaseTests.xctest */;
			productType = "com.apple.product-type.bundle.unit-test";
		};
		55F299EF295EC28A0044360D /* IFC ShowcaseUITests */ = {
			isa = PBXNativeTarget;
			buildConfigurationList = 55F29A00295EC28A0044360D /* Build configuration list for PBXNativeTarget "IFC ShowcaseUITests" */;
			buildPhases = (
				55F299EC295EC28A0044360D /* Sources */,
				55F299ED295EC28A0044360D /* Frameworks */,
				55F299EE295EC28A0044360D /* Resources */,
			);
			buildRules = (
			);
			dependencies = (
				55F299F2295EC28A0044360D /* PBXTargetDependency */,
			);
			name = "IFC ShowcaseUITests";
			productName = "IFC ShowcaseUITests";
			productReference = 55F299F0295EC28A0044360D /* IFC ShowcaseUITests.xctest */;
			productType = "com.apple.product-type.bundle.ui-testing";
		};
/* End PBXNativeTarget section */

/* Begin PBXProject section */
		55F299CE295EC2870044360D /* Project object */ = {
			isa = PBXProject;
			attributes = {
				BuildIndependentTargetsInParallel = 1;
				LastSwiftUpdateCheck = 1420;
				LastUpgradeCheck = 1420;
				TargetAttributes = {
					55F299D5295EC2870044360D = {
						CreatedOnToolsVersion = 14.2;
					};
					55F299E5295EC28A0044360D = {
						CreatedOnToolsVersion = 14.2;
						TestTargetID = 55F299D5295EC2870044360D;
					};
					55F299EF295EC28A0044360D = {
						CreatedOnToolsVersion = 14.2;
						TestTargetID = 55F299D5295EC2870044360D;
					};
				};
			};
			buildConfigurationList = 55F299D1295EC2870044360D /* Build configuration list for PBXProject "IFC Showcase" */;
			compatibilityVersion = "Xcode 14.0";
			developmentRegion = en;
			hasScannedForEncodings = 0;
			knownRegions = (
				en,
				Base,
			);
			mainGroup = 55F299CD295EC2870044360D;
			productRefGroup = 55F299D7295EC2870044360D /* Products */;
			projectDirPath = "";
			projectRoot = "";
			targets = (
				55F299D5295EC2870044360D /* IFC Showcase */,
				55F299E5295EC28A0044360D /* IFC ShowcaseTests */,
				55F299EF295EC28A0044360D /* IFC ShowcaseUITests */,
			);
		};
/* End PBXProject section */

/* Begin PBXResourcesBuildPhase section */
		55F299D4295EC2870044360D /* Resources */ = {
			isa = PBXResourcesBuildPhase;
			buildActionMask = 2147483647;
			files = (
				55F299E1295EC28A0044360D /* Preview Assets.xcassets in Resources */,
				55F299DE295EC28A0044360D /* Assets.xcassets in Resources */,
			);
			runOnlyForDeploymentPostprocessing = 0;
		};
		55F299E4295EC28A0044360D /* Resources */ = {
			isa = PBXResourcesBuildPhase;
			buildActionMask = 2147483647;
			files = (
			);
			runOnlyForDeploymentPostprocessing = 0;
		};
		55F299EE295EC28A0044360D /* Resources */ = {
			isa = PBXResourcesBuildPhase;
			buildActionMask = 2147483647;
			files = (
			);
			runOnlyForDeploymentPostprocessing = 0;
		};
/* End PBXResourcesBuildPhase section */

/* Begin PBXSourcesBuildPhase section */
		55F299D2295EC2870044360D /* Sources */ = {
			isa = PBXSourcesBuildPhase;
			buildActionMask = 2147483647;
			files = (
				557C9F7229616DB400725EEB /* OrganiserTagView.swift in Sources */,
				55F29A06295EDF440044360D /* AchievementsView.swift in Sources */,
				55F29A04295ECE850044360D /* HomeView.swift in Sources */,
				55F29A08295FFB4D0044360D /* Structs.swift in Sources */,
				55F299DC295EC2870044360D /* ContentView.swift in Sources */,
				55F299DA295EC2870044360D /* IFC_ShowcaseApp.swift in Sources */,
			);
			runOnlyForDeploymentPostprocessing = 0;
		};
		55F299E2295EC28A0044360D /* Sources */ = {
			isa = PBXSourcesBuildPhase;
			buildActionMask = 2147483647;
			files = (
				55F299EB295EC28A0044360D /* IFC_ShowcaseTests.swift in Sources */,
			);
			runOnlyForDeploymentPostprocessing = 0;
		};
		55F299EC295EC28A0044360D /* Sources */ = {
			isa = PBXSourcesBuildPhase;
			buildActionMask = 2147483647;
			files = (
				55F299F7295EC28A0044360D /* IFC_ShowcaseUITestsLaunchTests.swift in Sources */,
				55F299F5295EC28A0044360D /* IFC_ShowcaseUITests.swift in Sources */,
			);
			runOnlyForDeploymentPostprocessing = 0;
		};
/* End PBXSourcesBuildPhase section */

/* Begin PBXTargetDependency section */
		55F299E8295EC28A0044360D /* PBXTargetDependency */ = {
			isa = PBXTargetDependency;
			target = 55F299D5295EC2870044360D /* IFC Showcase */;
			targetProxy = 55F299E7295EC28A0044360D /* PBXContainerItemProxy */;
		};
		55F299F2295EC28A0044360D /* PBXTargetDependency */ = {
			isa = PBXTargetDependency;
			target = 55F299D5295EC2870044360D /* IFC Showcase */;
			targetProxy = 55F299F1295EC28A0044360D /* PBXContainerItemProxy */;
		};
/* End PBXTargetDependency section */

/* Begin XCBuildConfiguration section */
		55F299F8295EC28A0044360D /* Debug */ = {
			isa = XCBuildConfiguration;
			buildSettings = {
				ALWAYS_SEARCH_USER_PATHS = NO;
				CLANG_ANALYZER_NONNULL = YES;
				CLANG_ANALYZER_NUMBER_OBJECT_CONVERSION = YES_AGGRESSIVE;
				CLANG_CXX_LANGUAGE_STANDARD = "gnu++20";
				CLANG_ENABLE_MODULES = YES;
				CLANG_ENABLE_OBJC_ARC = YES;
				CLANG_ENABLE_OBJC_WEAK = YES;
				CLANG_WARN_BLOCK_CAPTURE_AUTORELEASING = YES;
				CLANG_WARN_BOOL_CONVERSION = YES;
				CLANG_WARN_COMMA = YES;
				CLANG_WARN_CONSTANT_CONVERSION = YES;
				CLANG_WARN_DEPRECATED_OBJC_IMPLEMENTATIONS = YES;
				CLANG_WARN_DIRECT_OBJC_ISA_USAGE = YES_ERROR;
				CLANG_WARN_DOCUMENTATION_COMMENTS = YES;
				CLANG_WARN_EMPTY_BODY = YES;
				CLANG_WARN_ENUM_CONVERSION = YES;
				CLANG_WARN_INFINITE_RECURSION = YES;
				CLANG_WARN_INT_CONVERSION = YES;
				CLANG_WARN_NON_LITERAL_NULL_CONVERSION = YES;
				CLANG_WARN_OBJC_IMPLICIT_RETAIN_SELF = YES;
				CLANG_WARN_OBJC_LITERAL_CONVERSION = YES;
				CLANG_WARN_OBJC_ROOT_CLASS = YES_ERROR;
				CLANG_WARN_QUOTED_INCLUDE_IN_FRAMEWORK_HEADER = YES;
				CLANG_WARN_RANGE_LOOP_ANALYSIS = YES;
				CLANG_WARN_STRICT_PROTOTYPES = YES;
				CLANG_WARN_SUSPICIOUS_MOVE = YES;
				CLANG_WARN_UNGUARDED_AVAILABILITY = YES_AGGRESSIVE;
				CLANG_WARN_UNREACHABLE_CODE = YES;
				CLANG_WARN__DUPLICATE_METHOD_MATCH = YES;
				COPY_PHASE_STRIP = NO;
				DEBUG_INFORMATION_FORMAT = dwarf;
				ENABLE_STRICT_OBJC_MSGSEND = YES;
				ENABLE_TESTABILITY = YES;
				GCC_C_LANGUAGE_STANDARD = gnu11;
				GCC_DYNAMIC_NO_PIC = NO;
				GCC_NO_COMMON_BLOCKS = YES;
				GCC_OPTIMIZATION_LEVEL = 0;
				GCC_PREPROCESSOR_DEFINITIONS = (
					"DEBUG=1",
					"$(inherited)",
				);
				GCC_WARN_64_TO_32_BIT_CONVERSION = YES;
				GCC_WARN_ABOUT_RETURN_TYPE = YES_ERROR;
				GCC_WARN_UNDECLARED_SELECTOR = YES;
				GCC_WARN_UNINITIALIZED_AUTOS = YES_AGGRESSIVE;
				GCC_WARN_UNUSED_FUNCTION = YES;
				GCC_WARN_UNUSED_VARIABLE = YES;
				IPHONEOS_DEPLOYMENT_TARGET = 16.2;
				MTL_ENABLE_DEBUG_INFO = INCLUDE_SOURCE;
				MTL_FAST_MATH = YES;
				ONLY_ACTIVE_ARCH = YES;
				SDKROOT = iphoneos;
				SWIFT_ACTIVE_COMPILATION_CONDITIONS = DEBUG;
				SWIFT_OPTIMIZATION_LEVEL = "-Onone";
			};
			name = Debug;
		};
		55F299F9295EC28A0044360D /* Release */ = {
			isa = XCBuildConfiguration;
			buildSettings = {
				ALWAYS_SEARCH_USER_PATHS = NO;
				CLANG_ANALYZER_NONNULL = YES;
				CLANG_ANALYZER_NUMBER_OBJECT_CONVERSION = YES_AGGRESSIVE;
				CLANG_CXX_LANGUAGE_STANDARD = "gnu++20";
				CLANG_ENABLE_MODULES = YES;
				CLANG_ENABLE_OBJC_ARC = YES;
				CLANG_ENABLE_OBJC_WEAK = YES;
				CLANG_WARN_BLOCK_CAPTURE_AUTORELEASING = YES;
				CLANG_WARN_BOOL_CONVERSION = YES;
				CLANG_WARN_COMMA = YES;
				CLANG_WARN_CONSTANT_CONVERSION = YES;
				CLANG_WARN_DEPRECATED_OBJC_IMPLEMENTATIONS = YES;
				CLANG_WARN_DIRECT_OBJC_ISA_USAGE = YES_ERROR;
				CLANG_WARN_DOCUMENTATION_COMMENTS = YES;
				CLANG_WARN_EMPTY_BODY = YES;
				CLANG_WARN_ENUM_CONVERSION = YES;
				CLANG_WARN_INFINITE_RECURSION = YES;
				CLANG_WARN_INT_CONVERSION = YES;
				CLANG_WARN_NON_LITERAL_NULL_CONVERSION = YES;
				CLANG_WARN_OBJC_IMPLICIT_RETAIN_SELF = YES;
				CLANG_WARN_OBJC_LITERAL_CONVERSION = YES;
				CLANG_WARN_OBJC_ROOT_CLASS = YES_ERROR;
				CLANG_WARN_QUOTED_INCLUDE_IN_FRAMEWORK_HEADER = YES;
				CLANG_WARN_RANGE_LOOP_ANALYSIS = YES;
				CLANG_WARN_STRICT_PROTOTYPES = YES;
				CLANG_WARN_SUSPICIOUS_MOVE = YES;
				CLANG_WARN_UNGUARDED_AVAILABILITY = YES_AGGRESSIVE;
				CLANG_WARN_UNREACHABLE_CODE = YES;
				CLANG_WARN__DUPLICATE_METHOD_MATCH = YES;
				COPY_PHASE_STRIP = NO;
				DEBUG_INFORMATION_FORMAT = "dwarf-with-dsym";
				ENABLE_NS_ASSERTIONS = NO;
				ENABLE_STRICT_OBJC_MSGSEND = YES;
				GCC_C_LANGUAGE_STANDARD = gnu11;
				GCC_NO_COMMON_BLOCKS = YES;
				GCC_WARN_64_TO_32_BIT_CONVERSION = YES;
				GCC_WARN_ABOUT_RETURN_TYPE = YES_ERROR;
				GCC_WARN_UNDECLARED_SELECTOR = YES;
				GCC_WARN_UNINITIALIZED_AUTOS = YES_AGGRESSIVE;
				GCC_WARN_UNUSED_FUNCTION = YES;
				GCC_WARN_UNUSED_VARIABLE = YES;
				IPHONEOS_DEPLOYMENT_TARGET = 16.2;
				MTL_ENABLE_DEBUG_INFO = NO;
				MTL_FAST_MATH = YES;
				SDKROOT = iphoneos;
				SWIFT_COMPILATION_MODE = wholemodule;
				SWIFT_OPTIMIZATION_LEVEL = "-O";
				VALIDATE_PRODUCT = YES;
			};
			name = Release;
		};
		55F299FB295EC28A0044360D /* Debug */ = {
			isa = XCBuildConfiguration;
			buildSettings = {
				ASSETCATALOG_COMPILER_APPICON_NAME = AppIcon;
				ASSETCATALOG_COMPILER_GLOBAL_ACCENT_COLOR_NAME = AccentColor;
				CODE_SIGN_STYLE = Automatic;
				CURRENT_PROJECT_VERSION = 1;
				DEVELOPMENT_ASSET_PATHS = "\"IFC Showcase/Preview Content\"";
				DEVELOPMENT_TEAM = SMB4V4XL5Q;
				ENABLE_PREVIEWS = YES;
				GENERATE_INFOPLIST_FILE = YES;
				INFOPLIST_KEY_UIApplicationSceneManifest_Generation = YES;
				INFOPLIST_KEY_UIApplicationSupportsIndirectInputEvents = YES;
				INFOPLIST_KEY_UILaunchScreen_Generation = YES;
				INFOPLIST_KEY_UISupportedInterfaceOrientations_iPad = "UIInterfaceOrientationPortrait UIInterfaceOrientationPortraitUpsideDown UIInterfaceOrientationLandscapeLeft UIInterfaceOrientationLandscapeRight";
				INFOPLIST_KEY_UISupportedInterfaceOrientations_iPhone = "UIInterfaceOrientationPortrait UIInterfaceOrientationLandscapeLeft UIInterfaceOrientationLandscapeRight";
				LD_RUNPATH_SEARCH_PATHS = (
					"$(inherited)",
					"@executable_path/Frameworks",
				);
				MARKETING_VERSION = 1.0;
				PRODUCT_BUNDLE_IDENTIFIER = "du.yuhan.IFC-Showcase";
				PRODUCT_NAME = "$(TARGET_NAME)";
				SWIFT_EMIT_LOC_STRINGS = YES;
				SWIFT_VERSION = 5.0;
				TARGETED_DEVICE_FAMILY = "1,2";
			};
			name = Debug;
		};
		55F299FC295EC28A0044360D /* Release */ = {
			isa = XCBuildConfiguration;
			buildSettings = {
				ASSETCATALOG_COMPILER_APPICON_NAME = AppIcon;
				ASSETCATALOG_COMPILER_GLOBAL_ACCENT_COLOR_NAME = AccentColor;
				CODE_SIGN_STYLE = Automatic;
				CURRENT_PROJECT_VERSION = 1;
				DEVELOPMENT_ASSET_PATHS = "\"IFC Showcase/Preview Content\"";
				DEVELOPMENT_TEAM = SMB4V4XL5Q;
				ENABLE_PREVIEWS = YES;
				GENERATE_INFOPLIST_FILE = YES;
				INFOPLIST_KEY_UIApplicationSceneManifest_Generation = YES;
				INFOPLIST_KEY_UIApplicationSupportsIndirectInputEvents = YES;
				INFOPLIST_KEY_UILaunchScreen_Generation = YES;
				INFOPLIST_KEY_UISupportedInterfaceOrientations_iPad = "UIInterfaceOrientationPortrait UIInterfaceOrientationPortraitUpsideDown UIInterfaceOrientationLandscapeLeft UIInterfaceOrientationLandscapeRight";
				INFOPLIST_KEY_UISupportedInterfaceOrientations_iPhone = "UIInterfaceOrientationPortrait UIInterfaceOrientationLandscapeLeft UIInterfaceOrientationLandscapeRight";
				LD_RUNPATH_SEARCH_PATHS = (
					"$(inherited)",
					"@executable_path/Frameworks",
				);
				MARKETING_VERSION = 1.0;
				PRODUCT_BUNDLE_IDENTIFIER = "du.yuhan.IFC-Showcase";
				PRODUCT_NAME = "$(TARGET_NAME)";
				SWIFT_EMIT_LOC_STRINGS = YES;
				SWIFT_VERSION = 5.0;
				TARGETED_DEVICE_FAMILY = "1,2";
			};
			name = Release;
		};
		55F299FE295EC28A0044360D /* Debug */ = {
			isa = XCBuildConfiguration;
			buildSettings = {
				ALWAYS_EMBED_SWIFT_STANDARD_LIBRARIES = YES;
				BUNDLE_LOADER = "$(TEST_HOST)";
				CODE_SIGN_STYLE = Automatic;
				CURRENT_PROJECT_VERSION = 1;
				DEVELOPMENT_TEAM = SMB4V4XL5Q;
				GENERATE_INFOPLIST_FILE = YES;
				IPHONEOS_DEPLOYMENT_TARGET = 16.2;
				MARKETING_VERSION = 1.0;
				PRODUCT_BUNDLE_IDENTIFIER = "du.yuhan.IFC-ShowcaseTests";
				PRODUCT_NAME = "$(TARGET_NAME)";
				SWIFT_EMIT_LOC_STRINGS = NO;
				SWIFT_VERSION = 5.0;
				TARGETED_DEVICE_FAMILY = "1,2";
				TEST_HOST = "$(BUILT_PRODUCTS_DIR)/IFC Showcase.app/$(BUNDLE_EXECUTABLE_FOLDER_PATH)/IFC Showcase";
			};
			name = Debug;
		};
		55F299FF295EC28A0044360D /* Release */ = {
			isa = XCBuildConfiguration;
			buildSettings = {
				ALWAYS_EMBED_SWIFT_STANDARD_LIBRARIES = YES;
				BUNDLE_LOADER = "$(TEST_HOST)";
				CODE_SIGN_STYLE = Automatic;
				CURRENT_PROJECT_VERSION = 1;
				DEVELOPMENT_TEAM = SMB4V4XL5Q;
				GENERATE_INFOPLIST_FILE = YES;
				IPHONEOS_DEPLOYMENT_TARGET = 16.2;
				MARKETING_VERSION = 1.0;
				PRODUCT_BUNDLE_IDENTIFIER = "du.yuhan.IFC-ShowcaseTests";
				PRODUCT_NAME = "$(TARGET_NAME)";
				SWIFT_EMIT_LOC_STRINGS = NO;
				SWIFT_VERSION = 5.0;
				TARGETED_DEVICE_FAMILY = "1,2";
				TEST_HOST = "$(BUILT_PRODUCTS_DIR)/IFC Showcase.app/$(BUNDLE_EXECUTABLE_FOLDER_PATH)/IFC Showcase";
			};
			name = Release;
		};
		55F29A01295EC28A0044360D /* Debug */ = {
			isa = XCBuildConfiguration;
			buildSettings = {
				ALWAYS_EMBED_SWIFT_STANDARD_LIBRARIES = YES;
				CODE_SIGN_STYLE = Automatic;
				CURRENT_PROJECT_VERSION = 1;
				DEVELOPMENT_TEAM = SMB4V4XL5Q;
				GENERATE_INFOPLIST_FILE = YES;
				MARKETING_VERSION = 1.0;
				PRODUCT_BUNDLE_IDENTIFIER = "du.yuhan.IFC-ShowcaseUITests";
				PRODUCT_NAME = "$(TARGET_NAME)";
				SWIFT_EMIT_LOC_STRINGS = NO;
				SWIFT_VERSION = 5.0;
				TARGETED_DEVICE_FAMILY = "1,2";
				TEST_TARGET_NAME = "IFC Showcase";
			};
			name = Debug;
		};
		55F29A02295EC28A0044360D /* Release */ = {
			isa = XCBuildConfiguration;
			buildSettings = {
				ALWAYS_EMBED_SWIFT_STANDARD_LIBRARIES = YES;
				CODE_SIGN_STYLE = Automatic;
				CURRENT_PROJECT_VERSION = 1;
				DEVELOPMENT_TEAM = SMB4V4XL5Q;
				GENERATE_INFOPLIST_FILE = YES;
				MARKETING_VERSION = 1.0;
				PRODUCT_BUNDLE_IDENTIFIER = "du.yuhan.IFC-ShowcaseUITests";
				PRODUCT_NAME = "$(TARGET_NAME)";
				SWIFT_EMIT_LOC_STRINGS = NO;
				SWIFT_VERSION = 5.0;
				TARGETED_DEVICE_FAMILY = "1,2";
				TEST_TARGET_NAME = "IFC Showcase";
			};
			name = Release;
		};
/* End XCBuildConfiguration section */

/* Begin XCConfigurationList section */
		55F299D1295EC2870044360D /* Build configuration list for PBXProject "IFC Showcase" */ = {
			isa = XCConfigurationList;
			buildConfigurations = (
				55F299F8295EC28A0044360D /* Debug */,
				55F299F9295EC28A0044360D /* Release */,
			);
			defaultConfigurationIsVisible = 0;
			defaultConfigurationName = Release;
		};
		55F299FA295EC28A0044360D /* Build configuration list for PBXNativeTarget "IFC Showcase" */ = {
			isa = XCConfigurationList;
			buildConfigurations = (
				55F299FB295EC28A0044360D /* Debug */,
				55F299FC295EC28A0044360D /* Release */,
			);
			defaultConfigurationIsVisible = 0;
			defaultConfigurationName = Release;
		};
		55F299FD295EC28A0044360D /* Build configuration list for PBXNativeTarget "IFC ShowcaseTests" */ = {
			isa = XCConfigurationList;
			buildConfigurations = (
				55F299FE295EC28A0044360D /* Debug */,
				55F299FF295EC28A0044360D /* Release */,
			);
			defaultConfigurationIsVisible = 0;
			defaultConfigurationName = Release;
		};
		55F29A00295EC28A0044360D /* Build configuration list for PBXNativeTarget "IFC ShowcaseUITests" */ = {
			isa = XCConfigurationList;
			buildConfigurations = (
				55F29A01295EC28A0044360D /* Debug */,
				55F29A02295EC28A0044360D /* Release */,
			);
			defaultConfigurationIsVisible = 0;
			defaultConfigurationName = Release;
		};
/* End XCConfigurationList section */
	};
	rootObject = 55F299CE295EC2870044360D /* Project object */;
}
